<?xml version="1.0" encoding="UTF-8"?>
<Scheme
   LastUpgradeVersion = "0430"
   version = "1.8">
   <BuildAction
      parallelizeBuildables = "YES"
      buildImplicitDependencies = "YES">
      <BuildActionEntries>
         <BuildActionEntry
            buildForTesting = "YES"
            buildForRunning = "YES"
            buildForProfiling = "YES"
            buildForArchiving = "YES"
            buildForAnalyzing = "YES">
            <BuildableReference
               BuildableIdentifier = "primary"
               BlueprintIdentifier = "F25EEE18135877C400A94775"
               BuildableName = "cortex_con"
               BlueprintName = "cortex_con"
               ReferencedContainer = "container:Untitled.xcodeproj">
            </BuildableReference>
         </BuildActionEntry>
      </BuildActionEntries>
   </BuildAction>
   <TestAction
      selectedDebuggerIdentifier = "Xcode.DebuggerFoundation.Debugger.GDB"
      selectedLauncherIdentifier = "Xcode.DebuggerFoundation.Launcher.GDB"
      shouldUseLaunchSchemeArgsEnv = "YES"
      buildConfiguration = "Debug">
      <Testables>
      </Testables>
   </TestAction>
   <LaunchAction
      selectedDebuggerIdentifier = "Xcode.DebuggerFoundation.Debugger.GDB"
      selectedLauncherIdentifier = "Xcode.DebuggerFoundation.Launcher.GDB"
      launchStyle = "0"
      useCustomWorkingDirectory = "NO"
      buildConfiguration = "Debug"
      debugDocumentVersioning = "YES"
      allowLocationSimulation = "YES">
      <BuildableProductRunnable>
         <BuildableReference
            BuildableIdentifier = "primary"
            BlueprintIdentifier = "F25EEE18135877C400A94775"
            BuildableName = "cortex_con"
            BlueprintName = "cortex_con"
            ReferencedContainer = "container:Untitled.xcodeproj">
         </BuildableReference>
      </BuildableProductRunnable>
      <CommandLineArguments>
         <CommandLineArgument
            argument = "--output_supernodes /Users/ramirezr/Documents/TGAC/Workshops/ecoli_sample/ecoli/reference_contigs.fa"
            isEnabled = "YES">
         </CommandLineArgument>
         <CommandLineArgument
            argument = "-n 16"
            isEnabled = "YES">
         </CommandLineArgument>
         <CommandLineArgument
            argument = "--output_contigs /Users/ramirezr/Documents/TGAC/cortex/tests/ecoli_ion/contigs_test.fa"
            isEnabled = "NO">
         </CommandLineArgument>
         <CommandLineArgument
            argument = "-c 100"
            isEnabled = "YES">
         </CommandLineArgument>
         <CommandLineArgument
            argument = "--input /Users/ramirezr/Documents/TGAC/Workshops/ecoli_sample/ecoli/reference.mem"
            isEnabled = "NO">
         </CommandLineArgument>
         <CommandLineArgument
            argument = ""
            isEnabled = "NO">
         </CommandLineArgument>
         <CommandLineArgument
            argument = "--input /Users/ramirezr/Documents/TGAC/cortex/tests/ecoli_ion/all.hash"
            isEnabled = "NO">
         </CommandLineArgument>
         <CommandLineArgument
            argument = "--input /Users/ramirezr/Documents/TGAC/Workshops/ecoli_sample/ecoli/ecoli_reference.txt"
            isEnabled = "YES">
         </CommandLineArgument>
         <CommandLineArgument
            argument = "--input_format hash"
            isEnabled = "NO">
         </CommandLineArgument>
         <CommandLineArgument
            argument = "--input_format fasta"
            isEnabled = "YES">
         </CommandLineArgument>
      </CommandLineArguments>
      <AdditionalOptions>
      </AdditionalOptions>
   </LaunchAction>
   <ProfileAction
      shouldUseLaunchSchemeArgsEnv = "YES"
      savedToolIdentifier = ""
      useCustomWorkingDirectory = "NO"
      buildConfiguration = "Release"
      debugDocumentVersioning = "YES">
      <BuildableProductRunnable>
         <BuildableReference
            BuildableIdentifier = "primary"
            BlueprintIdentifier = "F25EEE18135877C400A94775"
            BuildableName = "cortex_con"
            BlueprintName = "cortex_con"
            ReferencedContainer = "container:Untitled.xcodeproj">
         </BuildableReference>
      </BuildableProductRunnable>
   </ProfileAction>
   <AnalyzeAction
      buildConfiguration = "Debug">
   </AnalyzeAction>
   <ArchiveAction
      buildConfiguration = "Release"
      revealArchiveInOrganizer = "YES">
   </ArchiveAction>
</Scheme>
