<?xml version="1.0" encoding="UTF-8"?>
<Scheme
   version = "1.3">
   <BuildAction
      parallelizeBuildables = "YES"
      buildImplicitDependencies = "YES">
      <BuildActionEntries>
         <BuildActionEntry
            buildForTesting = "YES"
            buildForRunning = "YES"
            buildForProfiling = "YES"
            buildForArchiving = "YES"
            buildForAnalyzing = "YES">
            <BuildableReference
               BuildableIdentifier = "primary"
               BlueprintIdentifier = "F2B973F31498C8440096DA34"
               BuildableName = "kmer_hash_build"
               BlueprintName = "kmer_hash_build"
               ReferencedContainer = "container:Untitled.xcodeproj">
            </BuildableReference>
         </BuildActionEntry>
      </BuildActionEntries>
   </BuildAction>
   <TestAction
      selectedDebuggerIdentifier = "Xcode.DebuggerFoundation.Debugger.GDB"
      selectedLauncherIdentifier = "Xcode.DebuggerFoundation.Launcher.GDB"
      shouldUseLaunchSchemeArgsEnv = "YES"
      buildConfiguration = "Debug">
      <Testables>
      </Testables>
   </TestAction>
   <LaunchAction
      selectedDebuggerIdentifier = "Xcode.DebuggerFoundation.Debugger.GDB"
      selectedLauncherIdentifier = "Xcode.DebuggerFoundation.Launcher.GDB"
      launchStyle = "0"
      useCustomWorkingDirectory = "NO"
      buildConfiguration = "Debug">
      <BuildableProductRunnable>
         <BuildableReference
            BuildableIdentifier = "primary"
            BlueprintIdentifier = "F2B973F31498C8440096DA34"
            BuildableName = "kmer_hash_build"
            BlueprintName = "kmer_hash_build"
            ReferencedContainer = "container:Untitled.xcodeproj">
         </BuildableReference>
      </BuildableProductRunnable>
      <CommandLineArguments>
         <CommandLineArgument
            argument = "-f fastq -i /Users/ramirezr/Documents/TGAC/cortex/tests/ecoli_illumina/SRR001666_1.fastq -o /Users/ramirezr/Documents/TGAC/cortex/tests/ecoli_illumina/SRR001666_1.kmers -p 33 -q 35"
            isEnabled = "NO">
         </CommandLineArgument>
         <CommandLineArgument
            argument = "-f fastq -i   /Users/ramirezr/Documents/TGAC/kmer_contamination/wheat_contamination/1BL_unzip -o  /Users/ramirezr/Documents/TGAC/kmer_contamination/wheat_contamination/1BL.kmers -p 33 -q 35"
            isEnabled = "YES">
         </CommandLineArgument>
         <CommandLineArgument
            argument = "-f kmers -o /Users/ramirezr/Documents/TGAC/kmer_contamination/wheat_short_test/1BL_and_1BS_500.fa.kmers /Users/ramirezr/Documents/TGAC/kmer_contamination/wheat_short_test/1BL_500.fa.kmers /Users/ramirezr/Documents/TGAC/kmer_contamination/wheat_short_test/1BS_500.fa.kmers"
            isEnabled = "NO">
         </CommandLineArgument>
         <CommandLineArgument
            argument = "-f fasta -i /Users/ramirezr/Documents/TGAC/kmer_contamination/wheat_short_test/1BL_500.fa -o /Users/ramirezr/Documents/TGAC/kmer_contamination/wheat_short_test/1BL_500.fa_bis.kmers"
            isEnabled = "NO">
         </CommandLineArgument>
         <CommandLineArgument
            argument = "-f fasta -k 81 -i /Users/ramirezr/Documents/TGAC/kmer_contamination/wheat_short_test/1BL_500.fa -o /Users/ramirezr/Documents/TGAC/kmer_contamination/wheat_short_test/1BL_500.fa_bisk81.kmers"
            isEnabled = "NO">
         </CommandLineArgument>
         <CommandLineArgument
            argument = "-f fasta -i /Users/ramirezr/Documents/TGAC/kmer_contamination/wheat_short_test/1BS_500.fa -o /Users/ramirezr/Documents/TGAC/kmer_contamination/wheat_short_test/1BS_500.fa.kmers"
            isEnabled = "NO">
         </CommandLineArgument>
         <CommandLineArgument
            argument = "-f fasta -i  /Users/ramirezr/Documents/TGAC/cortex/tests/ecoli_reference/ecoli.fasta -o /Users/ramirezr/Documents/TGAC/cortex/tests/ecoli_reference/ecoli.fasta.kmers -p 33"
            isEnabled = "NO">
         </CommandLineArgument>
      </CommandLineArguments>
      <AdditionalOptions>
      </AdditionalOptions>
   </LaunchAction>
   <ProfileAction
      shouldUseLaunchSchemeArgsEnv = "YES"
      savedToolIdentifier = ""
      useCustomWorkingDirectory = "NO"
      buildConfiguration = "Release">
      <BuildableProductRunnable>
         <BuildableReference
            BuildableIdentifier = "primary"
            BlueprintIdentifier = "F2B973F31498C8440096DA34"
            BuildableName = "kmer_hash_build"
            BlueprintName = "kmer_hash_build"
            ReferencedContainer = "container:Untitled.xcodeproj">
         </BuildableReference>
      </BuildableProductRunnable>
   </ProfileAction>
   <AnalyzeAction
      buildConfiguration = "Debug">
   </AnalyzeAction>
   <ArchiveAction
      buildConfiguration = "Release"
      revealArchiveInOrganizer = "YES">
   </ArchiveAction>
</Scheme>
