<?xml version="1.0" encoding="UTF-8"?>
<Scheme
   LastUpgradeVersion = "0430"
   version = "1.3">
   <BuildAction
      parallelizeBuildables = "YES"
      buildImplicitDependencies = "YES">
      <BuildActionEntries>
         <BuildActionEntry
            buildForTesting = "YES"
            buildForRunning = "YES"
            buildForProfiling = "YES"
            buildForArchiving = "YES"
            buildForAnalyzing = "YES">
            <BuildableReference
               BuildableIdentifier = "primary"
               BlueprintIdentifier = "F2EA7445148FCC1D00D15907"
               BuildableName = "kmer_contamination"
               BlueprintName = "kmer_contamination"
               ReferencedContainer = "container:Untitled.xcodeproj">
            </BuildableReference>
         </BuildActionEntry>
      </BuildActionEntries>
   </BuildAction>
   <TestAction
      selectedDebuggerIdentifier = "Xcode.DebuggerFoundation.Debugger.GDB"
      selectedLauncherIdentifier = "Xcode.DebuggerFoundation.Launcher.GDB"
      shouldUseLaunchSchemeArgsEnv = "YES"
      buildConfiguration = "Debug">
      <Testables>
      </Testables>
      <MacroExpansion>
         <BuildableReference
            BuildableIdentifier = "primary"
            BlueprintIdentifier = "F252395614F7C997009CE5D5"
            BuildableName = "kmer_filter"
            BlueprintName = "kmer_filter"
            ReferencedContainer = "container:Untitled.xcodeproj">
         </BuildableReference>
      </MacroExpansion>
   </TestAction>
   <LaunchAction
      selectedDebuggerIdentifier = "Xcode.DebuggerFoundation.Debugger.GDB"
      selectedLauncherIdentifier = "Xcode.DebuggerFoundation.Launcher.GDB"
      launchStyle = "0"
      useCustomWorkingDirectory = "NO"
      buildConfiguration = "Debug"
      ignoresPersistentStateOnLaunch = "NO"
      debugDocumentVersioning = "YES"
      allowLocationSimulation = "YES">
      <BuildableProductRunnable>
         <BuildableReference
            BuildableIdentifier = "primary"
            BlueprintIdentifier = "F252395614F7C997009CE5D5"
            BuildableName = "kmer_filter"
            BlueprintName = "kmer_filter"
            ReferencedContainer = "container:Untitled.xcodeproj">
         </BuildableReference>
      </BuildableProductRunnable>
      <CommandLineArguments>
         <CommandLineArgument
            argument = "-i /Users/ramirezr/Documents/TGAC/cortex/tests/ecoli_illumina/SRR001666_1.fastq"
            isEnabled = "NO">
         </CommandLineArgument>
         <CommandLineArgument
            argument = "--print_contaminated"
            isEnabled = "YES">
         </CommandLineArgument>
         <CommandLineArgument
            argument = "-t 200"
            isEnabled = "YES">
         </CommandLineArgument>
         <CommandLineArgument
            argument = "-o /Users/ramirezr/Documents/TGAC/kmer_contamination/wheat_short_test/cleaned_1.fq"
            isEnabled = "NO">
         </CommandLineArgument>
         <CommandLineArgument
            argument = "--output_prefix /Users/ramirezr/Documents/TGAC/kmer_contamination/wheat_contamination/cleaned_1.fq"
            isEnabled = "YES">
         </CommandLineArgument>
         <CommandLineArgument
            argument = "--output_folder /Users/ramirezr/Documents/TGAC/kmer_contamination/wheat_contamination/cleaned_1_bins"
            isEnabled = "NO">
         </CommandLineArgument>
         <CommandLineArgument
            argument = "-i /Users/ramirezr/Documents/TGAC/cortex/tests/ecoli_reference/ecoli.fasta"
            isEnabled = "NO">
         </CommandLineArgument>
         <CommandLineArgument
            argument = " -p 33 -q 35"
            isEnabled = "NO">
         </CommandLineArgument>
         <CommandLineArgument
            argument = "-f fasta"
            isEnabled = "YES">
         </CommandLineArgument>
         <CommandLineArgument
            argument = "-f fastq"
            isEnabled = "NO">
         </CommandLineArgument>
         <CommandLineArgument
            argument = "-s /Users/ramirezr/Documents/TGAC/kmer_contamination/wheat_short_test/1BLon1BS.tab"
            isEnabled = "NO">
         </CommandLineArgument>
         <CommandLineArgument
            argument = "-k 21"
            isEnabled = "YES">
         </CommandLineArgument>
         <CommandLineArgument
            argument = "-n 18"
            isEnabled = "YES">
         </CommandLineArgument>
         <CommandLineArgument
            argument = "-r /Users/ramirezr/Documents/TGAC/cortex/tests/ecoli_illumina/out/kmers_126.ctx"
            isEnabled = "NO">
         </CommandLineArgument>
         <CommandLineArgument
            argument = "-r /data/references/databases/contaminants/phix_174.fasta.21.kmers"
            isEnabled = "NO">
         </CommandLineArgument>
         <CommandLineArgument
            argument = "-r /Users/ramirezr/Documents/TGAC/cortex/tests/ecoli_illumina/SRR001666_1.kmers"
            isEnabled = "NO">
         </CommandLineArgument>
         <CommandLineArgument
            argument = "-r /Users/ramirezr/Documents/TGAC/cortex/tests/ecoli_reference/ecoli.fasta.kmers"
            isEnabled = "NO">
         </CommandLineArgument>
         <CommandLineArgument
            argument = "-1 /Users/ramirezr/Documents/TGAC/kmer_contamination/wheat_short_test/1BL_500.fa"
            isEnabled = "YES">
         </CommandLineArgument>
         <CommandLineArgument
            argument = "-2 /Users/ramirezr/Documents/TGAC/kmer_contamination/wheat_short_test/1BL_500.fa"
            isEnabled = "YES">
         </CommandLineArgument>
         <CommandLineArgument
            argument = "-r /Users/ramirezr/Documents/TGAC/kmer_contamination/wheat_short_test/1BL_500.fa.kmers"
            isEnabled = "YES">
         </CommandLineArgument>
         <CommandLineArgument
            argument = "-r /Users/ramirezr/Documents/TGAC/kmer_contamination/wheat_contamination/1BL.kmers"
            isEnabled = "NO">
         </CommandLineArgument>
         <CommandLineArgument
            argument = "-1 /Users/ramirezr/Documents/TGAC/kmer_contamination/wheat_contamination/1BL_unzip"
            isEnabled = "NO">
         </CommandLineArgument>
         <CommandLineArgument
            argument = "-2 /Users/ramirezr/Documents/TGAC/kmer_contamination/wheat_contamination/1BL_unzip2"
            isEnabled = "NO">
         </CommandLineArgument>
      </CommandLineArguments>
      <AdditionalOptions>
      </AdditionalOptions>
   </LaunchAction>
   <ProfileAction
      shouldUseLaunchSchemeArgsEnv = "YES"
      savedToolIdentifier = ""
      useCustomWorkingDirectory = "NO"
      buildConfiguration = "Release"
      debugDocumentVersioning = "YES">
      <BuildableProductRunnable>
         <BuildableReference
            BuildableIdentifier = "primary"
            BlueprintIdentifier = "F2EA7445148FCC1D00D15907"
            BuildableName = "kmer_contamination"
            BlueprintName = "kmer_contamination"
            ReferencedContainer = "container:Untitled.xcodeproj">
         </BuildableReference>
      </BuildableProductRunnable>
   </ProfileAction>
   <AnalyzeAction
      buildConfiguration = "Debug">
   </AnalyzeAction>
   <ArchiveAction
      buildConfiguration = "Release"
      revealArchiveInOrganizer = "YES">
   </ArchiveAction>
</Scheme>
